// !$*UTF8*$!
{
	archiveVersion = 1;
	classes = {
	};
	objectVersion = 55;
	objects = {

/* Begin PBXBuildFile section */
		3CF8530B2828F0520071A596 /* Tests_iOS.swift in Sources */ = {isa = PBXBuildFile; fileRef = 3CF8530A2828F0520071A596 /* Tests_iOS.swift */; };
		3CF8530D2828F0520071A596 /* Tests_iOSLaunchTests.swift in Sources */ = {isa = PBXBuildFile; fileRef = 3CF8530C2828F0520071A596 /* Tests_iOSLaunchTests.swift */; };
		3CF853172828F0520071A596 /* Tests_macOS.swift in Sources */ = {isa = PBXBuildFile; fileRef = 3CF853162828F0520071A596 /* Tests_macOS.swift */; };
		3CF853192828F0520071A596 /* Tests_macOSLaunchTests.swift in Sources */ = {isa = PBXBuildFile; fileRef = 3CF853182828F0520071A596 /* Tests_macOSLaunchTests.swift */; };
		3CF8531A2828F0520071A596 /* coding_practiceApp.swift in Sources */ = {isa = PBXBuildFile; fileRef = 3CF852F22828F0510071A596 /* coding_practiceApp.swift */; };
		3CF8531B2828F0520071A596 /* coding_practiceApp.swift in Sources */ = {isa = PBXBuildFile; fileRef = 3CF852F22828F0510071A596 /* coding_practiceApp.swift */; };
		3CF8531C2828F0520071A596 /* ContentView.swift in Sources */ = {isa = PBXBuildFile; fileRef = 3CF852F32828F0510071A596 /* ContentView.swift */; };
		3CF8531D2828F0520071A596 /* ContentView.swift in Sources */ = {isa = PBXBuildFile; fileRef = 3CF852F32828F0510071A596 /* ContentView.swift */; };
		3CF8531E2828F0520071A596 /* Assets.xcassets in Resources */ = {isa = PBXBuildFile; fileRef = 3CF852F42828F0520071A596 /* Assets.xcassets */; };
		3CF8531F2828F0520071A596 /* Assets.xcassets in Resources */ = {isa = PBXBuildFile; fileRef = 3CF852F42828F0520071A596 /* Assets.xcassets */; };
/* End PBXBuildFile section */

/* Begin PBXContainerItemProxy section */
		3CF853072828F0520071A596 /* PBXContainerItemProxy */ = {
			isa = PBXContainerItemProxy;
			containerPortal = 3CF852ED2828F0510071A596 /* Project object */;
			proxyType = 1;
			remoteGlobalIDString = 3CF852F82828F0520071A596;
			remoteInfo = "coding practice (iOS)";
		};
		3CF853132828F0520071A596 /* PBXContainerItemProxy */ = {
			isa = PBXContainerItemProxy;
			containerPortal = 3CF852ED2828F0510071A596 /* Project object */;
			proxyType = 1;
			remoteGlobalIDString = 3CF852FE2828F0520071A596;
			remoteInfo = "coding practice (macOS)";
		};
/* End PBXContainerItemProxy section */

/* Begin PBXFileReference section */
		3CF852F22828F0510071A596 /* coding_practiceApp.swift */ = {isa = PBXFileReference; lastKnownFileType = sourcecode.swift; path = coding_practiceApp.swift; sourceTree = "<group>"; };
		3CF852F32828F0510071A596 /* ContentView.swift */ = {isa = PBXFileReference; lastKnownFileType = sourcecode.swift; path = ContentView.swift; sourceTree = "<group>"; };
		3CF852F42828F0520071A596 /* Assets.xcassets */ = {isa = PBXFileReference; lastKnownFileType = folder.assetcatalog; path = Assets.xcassets; sourceTree = "<group>"; };
		3CF852F92828F0520071A596 /* coding practice.app */ = {isa = PBXFileReference; explicitFileType = wrapper.application; includeInIndex = 0; path = "coding practice.app"; sourceTree = BUILT_PRODUCTS_DIR; };
		3CF852FF2828F0520071A596 /* coding practice.app */ = {isa = PBXFileReference; explicitFileType = wrapper.application; includeInIndex = 0; path = "coding practice.app"; sourceTree = BUILT_PRODUCTS_DIR; };
		3CF853012828F0520071A596 /* macOS.entitlements */ = {isa = PBXFileReference; lastKnownFileType = text.plist.entitlements; path = macOS.entitlements; sourceTree = "<group>"; };
		3CF853062828F0520071A596 /* Tests iOS.xctest */ = {isa = PBXFileReference; explicitFileType = wrapper.cfbundle; includeInIndex = 0; path = "Tests iOS.xctest"; sourceTree = BUILT_PRODUCTS_DIR; };
		3CF8530A2828F0520071A596 /* Tests_iOS.swift */ = {isa = PBXFileReference; lastKnownFileType = sourcecode.swift; path = Tests_iOS.swift; sourceTree = "<group>"; };
		3CF8530C2828F0520071A596 /* Tests_iOSLaunchTests.swift */ = {isa = PBXFileReference; lastKnownFileType = sourcecode.swift; path = Tests_iOSLaunchTests.swift; sourceTree = "<group>"; };
		3CF853122828F0520071A596 /* Tests macOS.xctest */ = {isa = PBXFileReference; explicitFileType = wrapper.cfbundle; includeInIndex = 0; path = "Tests macOS.xctest"; sourceTree = BUILT_PRODUCTS_DIR; };
		3CF853162828F0520071A596 /* Tests_macOS.swift */ = {isa = PBXFileReference; lastKnownFileType = sourcecode.swift; path = Tests_macOS.swift; sourceTree = "<group>"; };
		3CF853182828F0520071A596 /* Tests_macOSLaunchTests.swift */ = {isa = PBXFileReference; lastKnownFileType = sourcecode.swift; path = Tests_macOSLaunchTests.swift; sourceTree = "<group>"; };
/* End PBXFileReference section */

/* Begin PBXFrameworksBuildPhase section */
		3CF852F62828F0520071A596 /* Frameworks */ = {
			isa = PBXFrameworksBuildPhase;
			buildActionMask = 2147483647;
			files = (
			);
			runOnlyForDeploymentPostprocessing = 0;
		};
		3CF852FC2828F0520071A596 /* Frameworks */ = {
			isa = PBXFrameworksBuildPhase;
			buildActionMask = 2147483647;
			files = (
			);
			runOnlyForDeploymentPostprocessing = 0;
		};
		3CF853032828F0520071A596 /* Frameworks */ = {
			isa = PBXFrameworksBuildPhase;
			buildActionMask = 2147483647;
			files = (
			);
			runOnlyForDeploymentPostprocessing = 0;
		};
		3CF8530F2828F0520071A596 /* Frameworks */ = {
			isa = PBXFrameworksBuildPhase;
			buildActionMask = 2147483647;
			files = (
			);
			runOnlyForDeploymentPostprocessing = 0;
		};
/* End PBXFrameworksBuildPhase section */

/* Begin PBXGroup section */
		3CF852EC2828F0510071A596 = {
			isa = PBXGroup;
			children = (
				3CF852F12828F0510071A596 /* Shared */,
				3CF853002828F0520071A596 /* macOS */,
				3CF853092828F0520071A596 /* Tests iOS */,
				3CF853152828F0520071A596 /* Tests macOS */,
				3CF852FA2828F0520071A596 /* Products */,
			);
			sourceTree = "<group>";
		};
		3CF852F12828F0510071A596 /* Shared */ = {
			isa = PBXGroup;
			children = (
				3CF852F22828F0510071A596 /* coding_practiceApp.swift */,
				3CF852F32828F0510071A596 /* ContentView.swift */,
				3CF852F42828F0520071A596 /* Assets.xcassets */,
			);
			path = Shared;
			sourceTree = "<group>";
		};
		3CF852FA2828F0520071A596 /* Products */ = {
			isa = PBXGroup;
			children = (
				3CF852F92828F0520071A596 /* coding practice.app */,
				3CF852FF2828F0520071A596 /* coding practice.app */,
				3CF853062828F0520071A596 /* Tests iOS.xctest */,
				3CF853122828F0520071A596 /* Tests macOS.xctest */,
			);
			name = Products;
			sourceTree = "<group>";
		};
		3CF853002828F0520071A596 /* macOS */ = {
			isa = PBXGroup;
			children = (
				3CF853012828F0520071A596 /* macOS.entitlements */,
			);
			path = macOS;
			sourceTree = "<group>";
		};
		3CF853092828F0520071A596 /* Tests iOS */ = {
			isa = PBXGroup;
			children = (
				3CF8530A2828F0520071A596 /* Tests_iOS.swift */,
				3CF8530C2828F0520071A596 /* Tests_iOSLaunchTests.swift */,
			);
			path = "Tests iOS";
			sourceTree = "<group>";
		};
		3CF853152828F0520071A596 /* Tests macOS */ = {
			isa = PBXGroup;
			children = (
				3CF853162828F0520071A596 /* Tests_macOS.swift */,
				3CF853182828F0520071A596 /* Tests_macOSLaunchTests.swift */,
			);
			path = "Tests macOS";
			sourceTree = "<group>";
		};
/* End PBXGroup section */

/* Begin PBXNativeTarget section */
		3CF852F82828F0520071A596 /* coding practice (iOS) */ = {
			isa = PBXNativeTarget;
			buildConfigurationList = 3CF853222828F0520071A596 /* Build configuration list for PBXNativeTarget "coding practice (iOS)" */;
			buildPhases = (
				3CF852F52828F0520071A596 /* Sources */,
				3CF852F62828F0520071A596 /* Frameworks */,
				3CF852F72828F0520071A596 /* Resources */,
			);
			buildRules = (
			);
			dependencies = (
			);
			name = "coding practice (iOS)";
			productName = "coding practice (iOS)";
			productReference = 3CF852F92828F0520071A596 /* coding practice.app */;
			productType = "com.apple.product-type.application";
		};
		3CF852FE2828F0520071A596 /* coding practice (macOS) */ = {
			isa = PBXNativeTarget;
			buildConfigurationList = 3CF853252828F0520071A596 /* Build configuration list for PBXNativeTarget "coding practice (macOS)" */;
			buildPhases = (
				3CF852FB2828F0520071A596 /* Sources */,
				3CF852FC2828F0520071A596 /* Frameworks */,
				3CF852FD2828F0520071A596 /* Resources */,
			);
			buildRules = (
			);
			dependencies = (
			);
			name = "coding practice (macOS)";
			productName = "coding practice (macOS)";
			productReference = 3CF852FF2828F0520071A596 /* coding practice.app */;
			productType = "com.apple.product-type.application";
		};
		3CF853052828F0520071A596 /* Tests iOS */ = {
			isa = PBXNativeTarget;
			buildConfigurationList = 3CF853282828F0520071A596 /* Build configuration list for PBXNativeTarget "Tests iOS" */;
			buildPhases = (
				3CF853022828F0520071A596 /* Sources */,
				3CF853032828F0520071A596 /* Frameworks */,
				3CF853042828F0520071A596 /* Resources */,
			);
			buildRules = (
			);
			dependencies = (
				3CF853082828F0520071A596 /* PBXTargetDependency */,
			);
			name = "Tests iOS";
			productName = "Tests iOS";
			productReference = 3CF853062828F0520071A596 /* Tests iOS.xctest */;
			productType = "com.apple.product-type.bundle.ui-testing";
		};
		3CF853112828F0520071A596 /* Tests macOS */ = {
			isa = PBXNativeTarget;
			buildConfigurationList = 3CF8532B2828F0520071A596 /* Build configuration list for PBXNativeTarget "Tests macOS" */;
			buildPhases = (
				3CF8530E2828F0520071A596 /* Sources */,
				3CF8530F2828F0520071A596 /* Frameworks */,
				3CF853102828F0520071A596 /* Resources */,
			);
			buildRules = (
			);
			dependencies = (
				3CF853142828F0520071A596 /* PBXTargetDependency */,
			);
			name = "Tests macOS";
			productName = "Tests macOS";
			productReference = 3CF853122828F0520071A596 /* Tests macOS.xctest */;
			productType = "com.apple.product-type.bundle.ui-testing";
		};
/* End PBXNativeTarget section */

/* Begin PBXProject section */
		3CF852ED2828F0510071A596 /* Project object */ = {
			isa = PBXProject;
			attributes = {
				BuildIndependentTargetsInParallel = 1;
				LastSwiftUpdateCheck = 1330;
				LastUpgradeCheck = 1330;
				TargetAttributes = {
					3CF852F82828F0520071A596 = {
						CreatedOnToolsVersion = 13.3.1;
					};
					3CF852FE2828F0520071A596 = {
						CreatedOnToolsVersion = 13.3.1;
					};
					3CF853052828F0520071A596 = {
						CreatedOnToolsVersion = 13.3.1;
						TestTargetID = 3CF852F82828F0520071A596;
					};
					3CF853112828F0520071A596 = {
						CreatedOnToolsVersion = 13.3.1;
						TestTargetID = 3CF852FE2828F0520071A596;
					};
				};
			};
			buildConfigurationList = 3CF852F02828F0510071A596 /* Build configuration list for PBXProject "coding practice" */;
			compatibilityVersion = "Xcode 13.0";
			developmentRegion = en;
			hasScannedForEncodings = 0;
			knownRegions = (
				en,
				Base,
			);
			mainGroup = 3CF852EC2828F0510071A596;
			productRefGroup = 3CF852FA2828F0520071A596 /* Products */;
			projectDirPath = "";
			projectRoot = "";
			targets = (
				3CF852F82828F0520071A596 /* coding practice (iOS) */,
				3CF852FE2828F0520071A596 /* coding practice (macOS) */,
				3CF853052828F0520071A596 /* Tests iOS */,
				3CF853112828F0520071A596 /* Tests macOS */,
			);
		};
/* End PBXProject section */

/* Begin PBXResourcesBuildPhase section */
		3CF852F72828F0520071A596 /* Resources */ = {
			isa = PBXResourcesBuildPhase;
			buildActionMask = 2147483647;
			files = (
				3CF8531E2828F0520071A596 /* Assets.xcassets in Resources */,
			);
			runOnlyForDeploymentPostprocessing = 0;
		};
		3CF852FD2828F0520071A596 /* Resources */ = {
			isa = PBXResourcesBuildPhase;
			buildActionMask = 2147483647;
			files = (
				3CF8531F2828F0520071A596 /* Assets.xcassets in Resources */,
			);
			runOnlyForDeploymentPostprocessing = 0;
		};
		3CF853042828F0520071A596 /* Resources */ = {
			isa = PBXResourcesBuildPhase;
			buildActionMask = 2147483647;
			files = (
			);
			runOnlyForDeploymentPostprocessing = 0;
		};
		3CF853102828F0520071A596 /* Resources */ = {
			isa = PBXResourcesBuildPhase;
			buildActionMask = 2147483647;
			files = (
			);
			runOnlyForDeploymentPostprocessing = 0;
		};
/* End PBXResourcesBuildPhase section */

/* Begin PBXSourcesBuildPhase section */
		3CF852F52828F0520071A596 /* Sources */ = {
			isa = PBXSourcesBuildPhase;
			buildActionMask = 2147483647;
			files = (
				3CF8531C2828F0520071A596 /* ContentView.swift in Sources */,
				3CF8531A2828F0520071A596 /* coding_practiceApp.swift in Sources */,
			);
			runOnlyForDeploymentPostprocessing = 0;
		};
		3CF852FB2828F0520071A596 /* Sources */ = {
			isa = PBXSourcesBuildPhase;
			buildActionMask = 2147483647;
			files = (
				3CF8531D2828F0520071A596 /* ContentView.swift in Sources */,
				3CF8531B2828F0520071A596 /* coding_practiceApp.swift in Sources */,
			);
			runOnlyForDeploymentPostprocessing = 0;
		};
		3CF853022828F0520071A596 /* Sources */ = {
			isa = PBXSourcesBuildPhase;
			buildActionMask = 2147483647;
			files = (
				3CF8530D2828F0520071A596 /* Tests_iOSLaunchTests.swift in Sources */,
				3CF8530B2828F0520071A596 /* Tests_iOS.swift in Sources */,
			);
			runOnlyForDeploymentPostprocessing = 0;
		};
		3CF8530E2828F0520071A596 /* Sources */ = {
			isa = PBXSourcesBuildPhase;
			buildActionMask = 2147483647;
			files = (
				3CF853192828F0520071A596 /* Tests_macOSLaunchTests.swift in Sources */,
				3CF853172828F0520071A596 /* Tests_macOS.swift in Sources */,
			);
			runOnlyForDeploymentPostprocessing = 0;
		};
/* End PBXSourcesBuildPhase section */

/* Begin PBXTargetDependency section */
		3CF853082828F0520071A596 /* PBXTargetDependency */ = {
			isa = PBXTargetDependency;
			target = 3CF852F82828F0520071A596 /* coding practice (iOS) */;
			targetProxy = 3CF853072828F0520071A596 /* PBXContainerItemProxy */;
		};
		3CF853142828F0520071A596 /* PBXTargetDependency */ = {
			isa = PBXTargetDependency;
			target = 3CF852FE2828F0520071A596 /* coding practice (macOS) */;
			targetProxy = 3CF853132828F0520071A596 /* PBXContainerItemProxy */;
		};
/* End PBXTargetDependency section */

/* Begin XCBuildConfiguration section */
		3CF853202828F0520071A596 /* Debug */ = {
			isa = XCBuildConfiguration;
			buildSettings = {
				ALWAYS_SEARCH_USER_PATHS = NO;
				CLANG_ANALYZER_NONNULL = YES;
				CLANG_ANALYZER_NUMBER_OBJECT_CONVERSION = YES_AGGRESSIVE;
				CLANG_CXX_LANGUAGE_STANDARD = "gnu++17";
				CLANG_ENABLE_MODULES = YES;
				CLANG_ENABLE_OBJC_ARC = YES;
				CLANG_ENABLE_OBJC_WEAK = YES;
				CLANG_WARN_BLOCK_CAPTURE_AUTORELEASING = YES;
				CLANG_WARN_BOOL_CONVERSION = YES;
				CLANG_WARN_COMMA = YES;
				CLANG_WARN_CONSTANT_CONVERSION = YES;
				CLANG_WARN_DEPRECATED_OBJC_IMPLEMENTATIONS = YES;
				CLANG_WARN_DIRECT_OBJC_ISA_USAGE = YES_ERROR;
				CLANG_WARN_DOCUMENTATION_COMMENTS = YES;
				CLANG_WARN_EMPTY_BODY = YES;
				CLANG_WARN_ENUM_CONVERSION = YES;
				CLANG_WARN_INFINITE_RECURSION = YES;
				CLANG_WARN_INT_CONVERSION = YES;
				CLANG_WARN_NON_LITERAL_NULL_CONVERSION = YES;
				CLANG_WARN_OBJC_IMPLICIT_RETAIN_SELF = YES;
				CLANG_WARN_OBJC_LITERAL_CONVERSION = YES;
				CLANG_WARN_OBJC_ROOT_CLASS = YES_ERROR;
				CLANG_WARN_QUOTED_INCLUDE_IN_FRAMEWORK_HEADER = YES;
				CLANG_WARN_RANGE_LOOP_ANALYSIS = YES;
				CLANG_WARN_STRICT_PROTOTYPES = YES;
				CLANG_WARN_SUSPICIOUS_MOVE = YES;
				CLANG_WARN_UNGUARDED_AVAILABILITY = YES_AGGRESSIVE;
				CLANG_WARN_UNREACHABLE_CODE = YES;
				CLANG_WARN__DUPLICATE_METHOD_MATCH = YES;
				COPY_PHASE_STRIP = NO;
				DEBUG_INFORMATION_FORMAT = dwarf;
				ENABLE_STRICT_OBJC_MSGSEND = YES;
				ENABLE_TESTABILITY = YES;
				GCC_C_LANGUAGE_STANDARD = gnu11;
				GCC_DYNAMIC_NO_PIC = NO;
				GCC_NO_COMMON_BLOCKS = YES;
				GCC_OPTIMIZATION_LEVEL = 0;
				GCC_PREPROCESSOR_DEFINITIONS = (
					"DEBUG=1",
					"$(inherited)",
				);
				GCC_WARN_64_TO_32_BIT_CONVERSION = YES;
				GCC_WARN_ABOUT_RETURN_TYPE = YES_ERROR;
				GCC_WARN_UNDECLARED_SELECTOR = YES;
				GCC_WARN_UNINITIALIZED_AUTOS = YES_AGGRESSIVE;
				GCC_WARN_UNUSED_FUNCTION = YES;
				GCC_WARN_UNUSED_VARIABLE = YES;
				MTL_ENABLE_DEBUG_INFO = INCLUDE_SOURCE;
				MTL_FAST_MATH = YES;
				ONLY_ACTIVE_ARCH = YES;
				SWIFT_ACTIVE_COMPILATION_CONDITIONS = DEBUG;
				SWIFT_OPTIMIZATION_LEVEL = "-Onone";
			};
			name = Debug;
		};
		3CF853212828F0520071A596 /* Release */ = {
			isa = XCBuildConfiguration;
			buildSettings = {
				ALWAYS_SEARCH_USER_PATHS = NO;
				CLANG_ANALYZER_NONNULL = YES;
				CLANG_ANALYZER_NUMBER_OBJECT_CONVERSION = YES_AGGRESSIVE;
				CLANG_CXX_LANGUAGE_STANDARD = "gnu++17";
				CLANG_ENABLE_MODULES = YES;
				CLANG_ENABLE_OBJC_ARC = YES;
				CLANG_ENABLE_OBJC_WEAK = YES;
				CLANG_WARN_BLOCK_CAPTURE_AUTORELEASING = YES;
				CLANG_WARN_BOOL_CONVERSION = YES;
				CLANG_WARN_COMMA = YES;
				CLANG_WARN_CONSTANT_CONVERSION = YES;
				CLANG_WARN_DEPRECATED_OBJC_IMPLEMENTATIONS = YES;
				CLANG_WARN_DIRECT_OBJC_ISA_USAGE = YES_ERROR;
				CLANG_WARN_DOCUMENTATION_COMMENTS = YES;
				CLANG_WARN_EMPTY_BODY = YES;
				CLANG_WARN_ENUM_CONVERSION = YES;
				CLANG_WARN_INFINITE_RECURSION = YES;
				CLANG_WARN_INT_CONVERSION = YES;
				CLANG_WARN_NON_LITERAL_NULL_CONVERSION = YES;
				CLANG_WARN_OBJC_IMPLICIT_RETAIN_SELF = YES;
				CLANG_WARN_OBJC_LITERAL_CONVERSION = YES;
				CLANG_WARN_OBJC_ROOT_CLASS = YES_ERROR;
				CLANG_WARN_QUOTED_INCLUDE_IN_FRAMEWORK_HEADER = YES;
				CLANG_WARN_RANGE_LOOP_ANALYSIS = YES;
				CLANG_WARN_STRICT_PROTOTYPES = YES;
				CLANG_WARN_SUSPICIOUS_MOVE = YES;
				CLANG_WARN_UNGUARDED_AVAILABILITY = YES_AGGRESSIVE;
				CLANG_WARN_UNREACHABLE_CODE = YES;
				CLANG_WARN__DUPLICATE_METHOD_MATCH = YES;
				COPY_PHASE_STRIP = NO;
				DEBUG_INFORMATION_FORMAT = "dwarf-with-dsym";
				ENABLE_NS_ASSERTIONS = NO;
				ENABLE_STRICT_OBJC_MSGSEND = YES;
				GCC_C_LANGUAGE_STANDARD = gnu11;
				GCC_NO_COMMON_BLOCKS = YES;
				GCC_WARN_64_TO_32_BIT_CONVERSION = YES;
				GCC_WARN_ABOUT_RETURN_TYPE = YES_ERROR;
				GCC_WARN_UNDECLARED_SELECTOR = YES;
				GCC_WARN_UNINITIALIZED_AUTOS = YES_AGGRESSIVE;
				GCC_WARN_UNUSED_FUNCTION = YES;
				GCC_WARN_UNUSED_VARIABLE = YES;
				MTL_ENABLE_DEBUG_INFO = NO;
				MTL_FAST_MATH = YES;
				SWIFT_COMPILATION_MODE = wholemodule;
				SWIFT_OPTIMIZATION_LEVEL = "-O";
			};
			name = Release;
		};
		3CF853232828F0520071A596 /* Debug */ = {
			isa = XCBuildConfiguration;
			buildSettings = {
				ASSETCATALOG_COMPILER_APPICON_NAME = AppIcon;
				ASSETCATALOG_COMPILER_GLOBAL_ACCENT_COLOR_NAME = AccentColor;
				CODE_SIGN_STYLE = Automatic;
				CURRENT_PROJECT_VERSION = 1;
				DEVELOPMENT_TEAM = RM8R34BAXU;
				ENABLE_PREVIEWS = YES;
				GENERATE_INFOPLIST_FILE = YES;
				INFOPLIST_KEY_UIApplicationSceneManifest_Generation = YES;
				INFOPLIST_KEY_UIApplicationSupportsIndirectInputEvents = YES;
				INFOPLIST_KEY_UILaunchScreen_Generation = YES;
				INFOPLIST_KEY_UISupportedInterfaceOrientations_iPad = "UIInterfaceOrientationPortrait UIInterfaceOrientationPortraitUpsideDown UIInterfaceOrientationLandscapeLeft UIInterfaceOrientationLandscapeRight";
				INFOPLIST_KEY_UISupportedInterfaceOrientations_iPhone = "UIInterfaceOrientationPortrait UIInterfaceOrientationLandscapeLeft UIInterfaceOrientationLandscapeRight";
				IPHONEOS_DEPLOYMENT_TARGET = 15.4;
				LD_RUNPATH_SEARCH_PATHS = (
					"$(inherited)",
					"@executable_path/Frameworks",
				);
				MARKETING_VERSION = 1.0;
				PRODUCT_BUNDLE_IDENTIFIER = "Jin.coding-practice";
				PRODUCT_NAME = "coding practice";
				SDKROOT = iphoneos;
				SWIFT_EMIT_LOC_STRINGS = YES;
				SWIFT_VERSION = 5.0;
				TARGETED_DEVICE_FAMILY = "1,2";
			};
			name = Debug;
		};
		3CF853242828F0520071A596 /* Release */ = {
			isa = XCBuildConfiguration;
			buildSettings = {
				ASSETCATALOG_COMPILER_APPICON_NAME = AppIcon;
				ASSETCATALOG_COMPILER_GLOBAL_ACCENT_COLOR_NAME = AccentColor;
				CODE_SIGN_STYLE = Automatic;
				CURRENT_PROJECT_VERSION = 1;
				DEVELOPMENT_TEAM = RM8R34BAXU;
				ENABLE_PREVIEWS = YES;
				GENERATE_INFOPLIST_FILE = YES;
				INFOPLIST_KEY_UIApplicationSceneManifest_Generation = YES;
				INFOPLIST_KEY_UIApplicationSupportsIndirectInputEvents = YES;
				INFOPLIST_KEY_UILaunchScreen_Generation = YES;
				INFOPLIST_KEY_UISupportedInterfaceOrientations_iPad = "UIInterfaceOrientationPortrait UIInterfaceOrientationPortraitUpsideDown UIInterfaceOrientationLandscapeLeft UIInterfaceOrientationLandscapeRight";
				INFOPLIST_KEY_UISupportedInterfaceOrientations_iPhone = "UIInterfaceOrientationPortrait UIInterfaceOrientationLandscapeLeft UIInterfaceOrientationLandscapeRight";
				IPHONEOS_DEPLOYMENT_TARGET = 15.4;
				LD_RUNPATH_SEARCH_PATHS = (
					"$(inherited)",
					"@executable_path/Frameworks",
				);
				MARKETING_VERSION = 1.0;
				PRODUCT_BUNDLE_IDENTIFIER = "Jin.coding-practice";
				PRODUCT_NAME = "coding practice";
				SDKROOT = iphoneos;
				SWIFT_EMIT_LOC_STRINGS = YES;
				SWIFT_VERSION = 5.0;
				TARGETED_DEVICE_FAMILY = "1,2";
				VALIDATE_PRODUCT = YES;
			};
			name = Release;
		};
		3CF853262828F0520071A596 /* Debug */ = {
			isa = XCBuildConfiguration;
			buildSettings = {
				ASSETCATALOG_COMPILER_APPICON_NAME = AppIcon;
				ASSETCATALOG_COMPILER_GLOBAL_ACCENT_COLOR_NAME = AccentColor;
				CODE_SIGN_ENTITLEMENTS = macOS/macOS.entitlements;
				CODE_SIGN_STYLE = Automatic;
				COMBINE_HIDPI_IMAGES = YES;
				CURRENT_PROJECT_VERSION = 1;
				DEVELOPMENT_TEAM = RM8R34BAXU;
				ENABLE_HARDENED_RUNTIME = YES;
				ENABLE_PREVIEWS = YES;
				GENERATE_INFOPLIST_FILE = YES;
				INFOPLIST_KEY_NSHumanReadableCopyright = "";
				LD_RUNPATH_SEARCH_PATHS = (
					"$(inherited)",
					"@executable_path/../Frameworks",
				);
				MACOSX_DEPLOYMENT_TARGET = 12.3;
				MARKETING_VERSION = 1.0;
				PRODUCT_BUNDLE_IDENTIFIER = "Jin.coding-practice";
				PRODUCT_NAME = "coding practice";
				SDKROOT = macosx;
				SWIFT_EMIT_LOC_STRINGS = YES;
				SWIFT_VERSION = 5.0;
			};
			name = Debug;
		};
		3CF853272828F0520071A596 /* Release */ = {
			isa = XCBuildConfiguration;
			buildSettings = {
				ASSETCATALOG_COMPILER_APPICON_NAME = AppIcon;
				ASSETCATALOG_COMPILER_GLOBAL_ACCENT_COLOR_NAME = AccentColor;
				CODE_SIGN_ENTITLEMENTS = macOS/macOS.entitlements;
				CODE_SIGN_STYLE = Automatic;
				COMBINE_HIDPI_IMAGES = YES;
				CURRENT_PROJECT_VERSION = 1;
				DEVELOPMENT_TEAM = RM8R34BAXU;
				ENABLE_HARDENED_RUNTIME = YES;
				ENABLE_PREVIEWS = YES;
				GENERATE_INFOPLIST_FILE = YES;
				INFOPLIST_KEY_NSHumanReadableCopyright = "";
				LD_RUNPATH_SEARCH_PATHS = (
					"$(inherited)",
					"@executable_path/../Frameworks",
				);
				MACOSX_DEPLOYMENT_TARGET = 12.3;
				MARKETING_VERSION = 1.0;
				PRODUCT_BUNDLE_IDENTIFIER = "Jin.coding-practice";
				PRODUCT_NAME = "coding practice";
				SDKROOT = macosx;
				SWIFT_EMIT_LOC_STRINGS = YES;
				SWIFT_VERSION = 5.0;
			};
			name = Release;
		};
		3CF853292828F0520071A596 /* Debug */ = {
			isa = XCBuildConfiguration;
			buildSettings = {
				ALWAYS_EMBED_SWIFT_STANDARD_LIBRARIES = YES;
				CODE_SIGN_STYLE = Automatic;
				CURRENT_PROJECT_VERSION = 1;
				DEVELOPMENT_TEAM = RM8R34BAXU;
				GENERATE_INFOPLIST_FILE = YES;
				IPHONEOS_DEPLOYMENT_TARGET = 15.4;
				MARKETING_VERSION = 1.0;
				PRODUCT_BUNDLE_IDENTIFIER = "Jin.Tests-iOS";
				PRODUCT_NAME = "$(TARGET_NAME)";
				SDKROOT = iphoneos;
				SWIFT_EMIT_LOC_STRINGS = NO;
				SWIFT_VERSION = 5.0;
				TARGETED_DEVICE_FAMILY = "1,2";
				TEST_TARGET_NAME = "coding practice (iOS)";
			};
			name = Debug;
		};
		3CF8532A2828F0520071A596 /* Release */ = {
			isa = XCBuildConfiguration;
			buildSettings = {
				ALWAYS_EMBED_SWIFT_STANDARD_LIBRARIES = YES;
				CODE_SIGN_STYLE = Automatic;
				CURRENT_PROJECT_VERSION = 1;
				DEVELOPMENT_TEAM = RM8R34BAXU;
				GENERATE_INFOPLIST_FILE = YES;
				IPHONEOS_DEPLOYMENT_TARGET = 15.4;
				MARKETING_VERSION = 1.0;
				PRODUCT_BUNDLE_IDENTIFIER = "Jin.Tests-iOS";
				PRODUCT_NAME = "$(TARGET_NAME)";
				SDKROOT = iphoneos;
				SWIFT_EMIT_LOC_STRINGS = NO;
				SWIFT_VERSION = 5.0;
				TARGETED_DEVICE_FAMILY = "1,2";
				TEST_TARGET_NAME = "coding practice (iOS)";
				VALIDATE_PRODUCT = YES;
			};
			name = Release;
		};
		3CF8532C2828F0520071A596 /* Debug */ = {
			isa = XCBuildConfiguration;
			buildSettings = {
				ALWAYS_EMBED_SWIFT_STANDARD_LIBRARIES = YES;
				CODE_SIGN_STYLE = Automatic;
				CURRENT_PROJECT_VERSION = 1;
				DEVELOPMENT_TEAM = RM8R34BAXU;
				GENERATE_INFOPLIST_FILE = YES;
				MACOSX_DEPLOYMENT_TARGET = 12.3;
				MARKETING_VERSION = 1.0;
				PRODUCT_BUNDLE_IDENTIFIER = "Jin.Tests-macOS";
				PRODUCT_NAME = "$(TARGET_NAME)";
				SDKROOT = macosx;
				SWIFT_EMIT_LOC_STRINGS = NO;
				SWIFT_VERSION = 5.0;
				TEST_TARGET_NAME = "coding practice (macOS)";
			};
			name = Debug;
		};
		3CF8532D2828F0520071A596 /* Release */ = {
			isa = XCBuildConfiguration;
			buildSettings = {
				ALWAYS_EMBED_SWIFT_STANDARD_LIBRARIES = YES;
				CODE_SIGN_STYLE = Automatic;
				CURRENT_PROJECT_VERSION = 1;
				DEVELOPMENT_TEAM = RM8R34BAXU;
				GENERATE_INFOPLIST_FILE = YES;
				MACOSX_DEPLOYMENT_TARGET = 12.3;
				MARKETING_VERSION = 1.0;
				PRODUCT_BUNDLE_IDENTIFIER = "Jin.Tests-macOS";
				PRODUCT_NAME = "$(TARGET_NAME)";
				SDKROOT = macosx;
				SWIFT_EMIT_LOC_STRINGS = NO;
				SWIFT_VERSION = 5.0;
				TEST_TARGET_NAME = "coding practice (macOS)";
			};
			name = Release;
		};
/* End XCBuildConfiguration section */

/* Begin XCConfigurationList section */
		3CF852F02828F0510071A596 /* Build configuration list for PBXProject "coding practice" */ = {
			isa = XCConfigurationList;
			buildConfigurations = (
				3CF853202828F0520071A596 /* Debug */,
				3CF853212828F0520071A596 /* Release */,
			);
			defaultConfigurationIsVisible = 0;
			defaultConfigurationName = Release;
		};
		3CF853222828F0520071A596 /* Build configuration list for PBXNativeTarget "coding practice (iOS)" */ = {
			isa = XCConfigurationList;
			buildConfigurations = (
				3CF853232828F0520071A596 /* Debug */,
				3CF853242828F0520071A596 /* Release */,
			);
			defaultConfigurationIsVisible = 0;
			defaultConfigurationName = Release;
		};
		3CF853252828F0520071A596 /* Build configuration list for PBXNativeTarget "coding practice (macOS)" */ = {
			isa = XCConfigurationList;
			buildConfigurations = (
				3CF853262828F0520071A596 /* Debug */,
				3CF853272828F0520071A596 /* Release */,
			);
			defaultConfigurationIsVisible = 0;
			defaultConfigurationName = Release;
		};
		3CF853282828F0520071A596 /* Build configuration list for PBXNativeTarget "Tests iOS" */ = {
			isa = XCConfigurationList;
			buildConfigurations = (
				3CF853292828F0520071A596 /* Debug */,
				3CF8532A2828F0520071A596 /* Release */,
			);
			defaultConfigurationIsVisible = 0;
			defaultConfigurationName = Release;
		};
		3CF8532B2828F0520071A596 /* Build configuration list for PBXNativeTarget "Tests macOS" */ = {
			isa = XCConfigurationList;
			buildConfigurations = (
				3CF8532C2828F0520071A596 /* Debug */,
				3CF8532D2828F0520071A596 /* Release */,
			);
			defaultConfigurationIsVisible = 0;
			defaultConfigurationName = Release;
		};
/* End XCConfigurationList section */
	};
	rootObject = 3CF852ED2828F0510071A596 /* Project object */;
}
